// !$*UTF8*$!
{
	archiveVersion = 1;
	classes = {
	};
	objectVersion = 50;
	objects = {

/* Begin PBXBuildFile section */
		06FCA5E5257F85EF00BEAFE0 /* AppDelegate.swift in Sources */ = {isa = PBXBuildFile; fileRef = 06FCA5E4257F85EF00BEAFE0 /* AppDelegate.swift */; };
		06FCA5E7257F85EF00BEAFE0 /* SceneDelegate.swift in Sources */ = {isa = PBXBuildFile; fileRef = 06FCA5E6257F85EF00BEAFE0 /* SceneDelegate.swift */; };
		06FCA5E9257F85EF00BEAFE0 /* ViewController.swift in Sources */ = {isa = PBXBuildFile; fileRef = 06FCA5E8257F85EF00BEAFE0 /* ViewController.swift */; };
		06FCA5EC257F85EF00BEAFE0 /* Main.storyboard in Resources */ = {isa = PBXBuildFile; fileRef = 06FCA5EA257F85EF00BEAFE0 /* Main.storyboard */; };
		06FCA5EF257F85EF00BEAFE0 /* RobustaTask.xcdatamodeld in Sources */ = {isa = PBXBuildFile; fileRef = 06FCA5ED257F85EF00BEAFE0 /* RobustaTask.xcdatamodeld */; };
		06FCA5F1257F85F200BEAFE0 /* Assets.xcassets in Resources */ = {isa = PBXBuildFile; fileRef = 06FCA5F0257F85F200BEAFE0 /* Assets.xcassets */; };
		06FCA5F4257F85F200BEAFE0 /* LaunchScreen.storyboard in Resources */ = {isa = PBXBuildFile; fileRef = 06FCA5F2257F85F200BEAFE0 /* LaunchScreen.storyboard */; };
		06FCA5FF257F85F300BEAFE0 /* RobustaTaskTests.swift in Sources */ = {isa = PBXBuildFile; fileRef = 06FCA5FE257F85F300BEAFE0 /* RobustaTaskTests.swift */; };
/* End PBXBuildFile section */

/* Begin PBXContainerItemProxy section */
		06FCA5FB257F85F300BEAFE0 /* PBXContainerItemProxy */ = {
			isa = PBXContainerItemProxy;
			containerPortal = 06FCA5D9257F85EF00BEAFE0 /* Project object */;
			proxyType = 1;
			remoteGlobalIDString = 06FCA5E0257F85EF00BEAFE0;
			remoteInfo = RobustaTask;
		};
/* End PBXContainerItemProxy section */

/* Begin PBXFileReference section */
		06FCA5E1257F85EF00BEAFE0 /* RobustaTask.app */ = {isa = PBXFileReference; explicitFileType = wrapper.application; includeInIndex = 0; path = RobustaTask.app; sourceTree = BUILT_PRODUCTS_DIR; };
		06FCA5E4257F85EF00BEAFE0 /* AppDelegate.swift */ = {isa = PBXFileReference; lastKnownFileType = sourcecode.swift; path = AppDelegate.swift; sourceTree = "<group>"; };
		06FCA5E6257F85EF00BEAFE0 /* SceneDelegate.swift */ = {isa = PBXFileReference; lastKnownFileType = sourcecode.swift; path = SceneDelegate.swift; sourceTree = "<group>"; };
		06FCA5E8257F85EF00BEAFE0 /* ViewController.swift */ = {isa = PBXFileReference; lastKnownFileType = sourcecode.swift; path = ViewController.swift; sourceTree = "<group>"; };
		06FCA5EB257F85EF00BEAFE0 /* Base */ = {isa = PBXFileReference; lastKnownFileType = file.storyboard; name = Base; path = Base.lproj/Main.storyboard; sourceTree = "<group>"; };
		06FCA5EE257F85EF00BEAFE0 /* RobustaTask.xcdatamodel */ = {isa = PBXFileReference; lastKnownFileType = wrapper.xcdatamodel; path = RobustaTask.xcdatamodel; sourceTree = "<group>"; };
		06FCA5F0257F85F200BEAFE0 /* Assets.xcassets */ = {isa = PBXFileReference; lastKnownFileType = folder.assetcatalog; path = Assets.xcassets; sourceTree = "<group>"; };
		06FCA5F3257F85F200BEAFE0 /* Base */ = {isa = PBXFileReference; lastKnownFileType = file.storyboard; name = Base; path = Base.lproj/LaunchScreen.storyboard; sourceTree = "<group>"; };
		06FCA5F5257F85F200BEAFE0 /* Info.plist */ = {isa = PBXFileReference; lastKnownFileType = text.plist.xml; path = Info.plist; sourceTree = "<group>"; };
		06FCA5FA257F85F300BEAFE0 /* RobustaTaskTests.xctest */ = {isa = PBXFileReference; explicitFileType = wrapper.cfbundle; includeInIndex = 0; path = RobustaTaskTests.xctest; sourceTree = BUILT_PRODUCTS_DIR; };
		06FCA5FE257F85F300BEAFE0 /* RobustaTaskTests.swift */ = {isa = PBXFileReference; lastKnownFileType = sourcecode.swift; path = RobustaTaskTests.swift; sourceTree = "<group>"; };
		06FCA600257F85F300BEAFE0 /* Info.plist */ = {isa = PBXFileReference; lastKnownFileType = text.plist.xml; path = Info.plist; sourceTree = "<group>"; };
/* End PBXFileReference section */

/* Begin PBXFrameworksBuildPhase section */
		06FCA5DE257F85EF00BEAFE0 /* Frameworks */ = {
			isa = PBXFrameworksBuildPhase;
			buildActionMask = 2147483647;
			files = (
			);
			runOnlyForDeploymentPostprocessing = 0;
		};
		06FCA5F7257F85F300BEAFE0 /* Frameworks */ = {
			isa = PBXFrameworksBuildPhase;
			buildActionMask = 2147483647;
			files = (
			);
			runOnlyForDeploymentPostprocessing = 0;
		};
/* End PBXFrameworksBuildPhase section */

/* Begin PBXGroup section */
		06FCA5D8257F85EF00BEAFE0 = {
			isa = PBXGroup;
			children = (
				06FCA5E3257F85EF00BEAFE0 /* RobustaTask */,
				06FCA5FD257F85F300BEAFE0 /* RobustaTaskTests */,
				06FCA5E2257F85EF00BEAFE0 /* Products */,
			);
			sourceTree = "<group>";
		};
		06FCA5E2257F85EF00BEAFE0 /* Products */ = {
			isa = PBXGroup;
			children = (
				06FCA5E1257F85EF00BEAFE0 /* RobustaTask.app */,
				06FCA5FA257F85F300BEAFE0 /* RobustaTaskTests.xctest */,
			);
			name = Products;
			sourceTree = "<group>";
		};
		06FCA5E3257F85EF00BEAFE0 /* RobustaTask */ = {
			isa = PBXGroup;
			children = (
				06FCA5E4257F85EF00BEAFE0 /* AppDelegate.swift */,
				06FCA5E6257F85EF00BEAFE0 /* SceneDelegate.swift */,
				06FCA5E8257F85EF00BEAFE0 /* ViewController.swift */,
				06FCA5EA257F85EF00BEAFE0 /* Main.storyboard */,
				06FCA5F0257F85F200BEAFE0 /* Assets.xcassets */,
				06FCA5F2257F85F200BEAFE0 /* LaunchScreen.storyboard */,
				06FCA5F5257F85F200BEAFE0 /* Info.plist */,
				06FCA5ED257F85EF00BEAFE0 /* RobustaTask.xcdatamodeld */,
			);
			path = RobustaTask;
			sourceTree = "<group>";
		};
		06FCA5FD257F85F300BEAFE0 /* RobustaTaskTests */ = {
			isa = PBXGroup;
			children = (
				06FCA5FE257F85F300BEAFE0 /* RobustaTaskTests.swift */,
				06FCA600257F85F300BEAFE0 /* Info.plist */,
			);
			path = RobustaTaskTests;
			sourceTree = "<group>";
		};
/* End PBXGroup section */

/* Begin PBXNativeTarget section */
		06FCA5E0257F85EF00BEAFE0 /* RobustaTask */ = {
			isa = PBXNativeTarget;
			buildConfigurationList = 06FCA603257F85F300BEAFE0 /* Build configuration list for PBXNativeTarget "RobustaTask" */;
			buildPhases = (
				06FCA5DD257F85EF00BEAFE0 /* Sources */,
				06FCA5DE257F85EF00BEAFE0 /* Frameworks */,
				06FCA5DF257F85EF00BEAFE0 /* Resources */,
			);
			buildRules = (
			);
			dependencies = (
			);
			name = RobustaTask;
			productName = RobustaTask;
			productReference = 06FCA5E1257F85EF00BEAFE0 /* RobustaTask.app */;
			productType = "com.apple.product-type.application";
		};
		06FCA5F9257F85F300BEAFE0 /* RobustaTaskTests */ = {
			isa = PBXNativeTarget;
			buildConfigurationList = 06FCA606257F85F300BEAFE0 /* Build configuration list for PBXNativeTarget "RobustaTaskTests" */;
			buildPhases = (
				06FCA5F6257F85F300BEAFE0 /* Sources */,
				06FCA5F7257F85F300BEAFE0 /* Frameworks */,
				06FCA5F8257F85F300BEAFE0 /* Resources */,
			);
			buildRules = (
			);
			dependencies = (
				06FCA5FC257F85F300BEAFE0 /* PBXTargetDependency */,
			);
			name = RobustaTaskTests;
			productName = RobustaTaskTests;
			productReference = 06FCA5FA257F85F300BEAFE0 /* RobustaTaskTests.xctest */;
			productType = "com.apple.product-type.bundle.unit-test";
		};
/* End PBXNativeTarget section */

/* Begin PBXProject section */
		06FCA5D9257F85EF00BEAFE0 /* Project object */ = {
			isa = PBXProject;
			attributes = {
				LastSwiftUpdateCheck = 1120;
				LastUpgradeCheck = 1120;
				ORGANIZATIONNAME = Wakeb;
				TargetAttributes = {
					06FCA5E0257F85EF00BEAFE0 = {
						CreatedOnToolsVersion = 11.2.1;
					};
					06FCA5F9257F85F300BEAFE0 = {
						CreatedOnToolsVersion = 11.2.1;
						TestTargetID = 06FCA5E0257F85EF00BEAFE0;
					};
				};
			};
			buildConfigurationList = 06FCA5DC257F85EF00BEAFE0 /* Build configuration list for PBXProject "RobustaTask" */;
			compatibilityVersion = "Xcode 9.3";
			developmentRegion = en;
			hasScannedForEncodings = 0;
			knownRegions = (
				en,
				Base,
			);
			mainGroup = 06FCA5D8257F85EF00BEAFE0;
			productRefGroup = 06FCA5E2257F85EF00BEAFE0 /* Products */;
			projectDirPath = "";
			projectRoot = "";
			targets = (
				06FCA5E0257F85EF00BEAFE0 /* RobustaTask */,
				06FCA5F9257F85F300BEAFE0 /* RobustaTaskTests */,
			);
		};
/* End PBXProject section */

/* Begin PBXResourcesBuildPhase section */
		06FCA5DF257F85EF00BEAFE0 /* Resources */ = {
			isa = PBXResourcesBuildPhase;
			buildActionMask = 2147483647;
			files = (
				06FCA5F4257F85F200BEAFE0 /* LaunchScreen.storyboard in Resources */,
				06FCA5F1257F85F200BEAFE0 /* Assets.xcassets in Resources */,
				06FCA5EC257F85EF00BEAFE0 /* Main.storyboard in Resources */,
			);
			runOnlyForDeploymentPostprocessing = 0;
		};
		06FCA5F8257F85F300BEAFE0 /* Resources */ = {
			isa = PBXResourcesBuildPhase;
			buildActionMask = 2147483647;
			files = (
			);
			runOnlyForDeploymentPostprocessing = 0;
		};
/* End PBXResourcesBuildPhase section */

/* Begin PBXSourcesBuildPhase section */
		06FCA5DD257F85EF00BEAFE0 /* Sources */ = {
			isa = PBXSourcesBuildPhase;
			buildActionMask = 2147483647;
			files = (
				06FCA5E9257F85EF00BEAFE0 /* ViewController.swift in Sources */,
				06FCA5E5257F85EF00BEAFE0 /* AppDelegate.swift in Sources */,
				06FCA5E7257F85EF00BEAFE0 /* SceneDelegate.swift in Sources */,
				06FCA5EF257F85EF00BEAFE0 /* RobustaTask.xcdatamodeld in Sources */,
			);
			runOnlyForDeploymentPostprocessing = 0;
		};
		06FCA5F6257F85F300BEAFE0 /* Sources */ = {
			isa = PBXSourcesBuildPhase;
			buildActionMask = 2147483647;
			files = (
				06FCA5FF257F85F300BEAFE0 /* RobustaTaskTests.swift in Sources */,
			);
			runOnlyForDeploymentPostprocessing = 0;
		};
/* End PBXSourcesBuildPhase section */

/* Begin PBXTargetDependency section */
		06FCA5FC257F85F300BEAFE0 /* PBXTargetDependency */ = {
			isa = PBXTargetDependency;
			target = 06FCA5E0257F85EF00BEAFE0 /* RobustaTask */;
			targetProxy = 06FCA5FB257F85F300BEAFE0 /* PBXContainerItemProxy */;
		};
/* End PBXTargetDependency section */

/* Begin PBXVariantGroup section */
		06FCA5EA257F85EF00BEAFE0 /* Main.storyboard */ = {
			isa = PBXVariantGroup;
			children = (
				06FCA5EB257F85EF00BEAFE0 /* Base */,
			);
			name = Main.storyboard;
			sourceTree = "<group>";
		};
		06FCA5F2257F85F200BEAFE0 /* LaunchScreen.storyboard */ = {
			isa = PBXVariantGroup;
			children = (
				06FCA5F3257F85F200BEAFE0 /* Base */,
			);
			name = LaunchScreen.storyboard;
			sourceTree = "<group>";
		};
/* End PBXVariantGroup section */

/* Begin XCBuildConfiguration section */
		06FCA601257F85F300BEAFE0 /* Debug */ = {
			isa = XCBuildConfiguration;
			buildSettings = {
				ALWAYS_SEARCH_USER_PATHS = NO;
				CLANG_ANALYZER_NONNULL = YES;
				CLANG_ANALYZER_NUMBER_OBJECT_CONVERSION = YES_AGGRESSIVE;
				CLANG_CXX_LANGUAGE_STANDARD = "gnu++14";
				CLANG_CXX_LIBRARY = "libc++";
				CLANG_ENABLE_MODULES = YES;
				CLANG_ENABLE_OBJC_ARC = YES;
				CLANG_ENABLE_OBJC_WEAK = YES;
				CLANG_WARN_BLOCK_CAPTURE_AUTORELEASING = YES;
				CLANG_WARN_BOOL_CONVERSION = YES;
				CLANG_WARN_COMMA = YES;
				CLANG_WARN_CONSTANT_CONVERSION = YES;
				CLANG_WARN_DEPRECATED_OBJC_IMPLEMENTATIONS = YES;
				CLANG_WARN_DIRECT_OBJC_ISA_USAGE = YES_ERROR;
				CLANG_WARN_DOCUMENTATION_COMMENTS = YES;
				CLANG_WARN_EMPTY_BODY = YES;
				CLANG_WARN_ENUM_CONVERSION = YES;
				CLANG_WARN_INFINITE_RECURSION = YES;
				CLANG_WARN_INT_CONVERSION = YES;
				CLANG_WARN_NON_LITERAL_NULL_CONVERSION = YES;
				CLANG_WARN_OBJC_IMPLICIT_RETAIN_SELF = YES;
				CLANG_WARN_OBJC_LITERAL_CONVERSION = YES;
				CLANG_WARN_OBJC_ROOT_CLASS = YES_ERROR;
				CLANG_WARN_RANGE_LOOP_ANALYSIS = YES;
				CLANG_WARN_STRICT_PROTOTYPES = YES;
				CLANG_WARN_SUSPICIOUS_MOVE = YES;
				CLANG_WARN_UNGUARDED_AVAILABILITY = YES_AGGRESSIVE;
				CLANG_WARN_UNREACHABLE_CODE = YES;
				CLANG_WARN__DUPLICATE_METHOD_MATCH = YES;
				COPY_PHASE_STRIP = NO;
				DEBUG_INFORMATION_FORMAT = dwarf;
				ENABLE_STRICT_OBJC_MSGSEND = YES;
				ENABLE_TESTABILITY = YES;
				GCC_C_LANGUAGE_STANDARD = gnu11;
				GCC_DYNAMIC_NO_PIC = NO;
				GCC_NO_COMMON_BLOCKS = YES;
				GCC_OPTIMIZATION_LEVEL = 0;
				GCC_PREPROCESSOR_DEFINITIONS = (
					"DEBUG=1",
					"$(inherited)",
				);
				GCC_WARN_64_TO_32_BIT_CONVERSION = YES;
				GCC_WARN_ABOUT_RETURN_TYPE = YES_ERROR;
				GCC_WARN_UNDECLARED_SELECTOR = YES;
				GCC_WARN_UNINITIALIZED_AUTOS = YES_AGGRESSIVE;
				GCC_WARN_UNUSED_FUNCTION = YES;
				GCC_WARN_UNUSED_VARIABLE = YES;
				IPHONEOS_DEPLOYMENT_TARGET = 13.2;
				MTL_ENABLE_DEBUG_INFO = INCLUDE_SOURCE;
				MTL_FAST_MATH = YES;
				ONLY_ACTIVE_ARCH = YES;
				SDKROOT = iphoneos;
				SWIFT_ACTIVE_COMPILATION_CONDITIONS = DEBUG;
				SWIFT_OPTIMIZATION_LEVEL = "-Onone";
			};
			name = Debug;
		};
		06FCA602257F85F300BEAFE0 /* Release */ = {
			isa = XCBuildConfiguration;
			buildSettings = {
				ALWAYS_SEARCH_USER_PATHS = NO;
				CLANG_ANALYZER_NONNULL = YES;
				CLANG_ANALYZER_NUMBER_OBJECT_CONVERSION = YES_AGGRESSIVE;
				CLANG_CXX_LANGUAGE_STANDARD = "gnu++14";
				CLANG_CXX_LIBRARY = "libc++";
				CLANG_ENABLE_MODULES = YES;
				CLANG_ENABLE_OBJC_ARC = YES;
				CLANG_ENABLE_OBJC_WEAK = YES;
				CLANG_WARN_BLOCK_CAPTURE_AUTORELEASING = YES;
				CLANG_WARN_BOOL_CONVERSION = YES;
				CLANG_WARN_COMMA = YES;
				CLANG_WARN_CONSTANT_CONVERSION = YES;
				CLANG_WARN_DEPRECATED_OBJC_IMPLEMENTATIONS = YES;
				CLANG_WARN_DIRECT_OBJC_ISA_USAGE = YES_ERROR;
				CLANG_WARN_DOCUMENTATION_COMMENTS = YES;
				CLANG_WARN_EMPTY_BODY = YES;
				CLANG_WARN_ENUM_CONVERSION = YES;
				CLANG_WARN_INFINITE_RECURSION = YES;
				CLANG_WARN_INT_CONVERSION = YES;
				CLANG_WARN_NON_LITERAL_NULL_CONVERSION = YES;
				CLANG_WARN_OBJC_IMPLICIT_RETAIN_SELF = YES;
				CLANG_WARN_OBJC_LITERAL_CONVERSION = YES;
				CLANG_WARN_OBJC_ROOT_CLASS = YES_ERROR;
				CLANG_WARN_RANGE_LOOP_ANALYSIS = YES;
				CLANG_WARN_STRICT_PROTOTYPES = YES;
				CLANG_WARN_SUSPICIOUS_MOVE = YES;
				CLANG_WARN_UNGUARDED_AVAILABILITY = YES_AGGRESSIVE;
				CLANG_WARN_UNREACHABLE_CODE = YES;
				CLANG_WARN__DUPLICATE_METHOD_MATCH = YES;
				COPY_PHASE_STRIP = NO;
				DEBUG_INFORMATION_FORMAT = "dwarf-with-dsym";
				ENABLE_NS_ASSERTIONS = NO;
				ENABLE_STRICT_OBJC_MSGSEND = YES;
				GCC_C_LANGUAGE_STANDARD = gnu11;
				GCC_NO_COMMON_BLOCKS = YES;
				GCC_WARN_64_TO_32_BIT_CONVERSION = YES;
				GCC_WARN_ABOUT_RETURN_TYPE = YES_ERROR;
				GCC_WARN_UNDECLARED_SELECTOR = YES;
				GCC_WARN_UNINITIALIZED_AUTOS = YES_AGGRESSIVE;
				GCC_WARN_UNUSED_FUNCTION = YES;
				GCC_WARN_UNUSED_VARIABLE = YES;
				IPHONEOS_DEPLOYMENT_TARGET = 13.2;
				MTL_ENABLE_DEBUG_INFO = NO;
				MTL_FAST_MATH = YES;
				SDKROOT = iphoneos;
				SWIFT_COMPILATION_MODE = wholemodule;
				SWIFT_OPTIMIZATION_LEVEL = "-O";
				VALIDATE_PRODUCT = YES;
			};
			name = Release;
		};
		06FCA604257F85F300BEAFE0 /* Debug */ = {
			isa = XCBuildConfiguration;
			buildSettings = {
				ASSETCATALOG_COMPILER_APPICON_NAME = AppIcon;
				CODE_SIGN_STYLE = Automatic;
				DEVELOPMENT_TEAM = 4673NFB24A;
				INFOPLIST_FILE = RobustaTask/Info.plist;
				LD_RUNPATH_SEARCH_PATHS = (
					"$(inherited)",
					"@executable_path/Frameworks",
				);
				PRODUCT_BUNDLE_IDENTIFIER = Wakeb.RobustaTask;
				PRODUCT_NAME = "$(TARGET_NAME)";
				SWIFT_VERSION = 5.0;
				TARGETED_DEVICE_FAMILY = "1,2";
			};
			name = Debug;
		};
		06FCA605257F85F300BEAFE0 /* Release */ = {
			isa = XCBuildConfiguration;
			buildSettings = {
				ASSETCATALOG_COMPILER_APPICON_NAME = AppIcon;
				CODE_SIGN_STYLE = Automatic;
				DEVELOPMENT_TEAM = 4673NFB24A;
				INFOPLIST_FILE = RobustaTask/Info.plist;
				LD_RUNPATH_SEARCH_PATHS = (
					"$(inherited)",
					"@executable_path/Frameworks",
				);
				PRODUCT_BUNDLE_IDENTIFIER = Wakeb.RobustaTask;
				PRODUCT_NAME = "$(TARGET_NAME)";
				SWIFT_VERSION = 5.0;
				TARGETED_DEVICE_FAMILY = "1,2";
			};
			name = Release;
		};
		06FCA607257F85F300BEAFE0 /* Debug */ = {
			isa = XCBuildConfiguration;
			buildSettings = {
				ALWAYS_EMBED_SWIFT_STANDARD_LIBRARIES = YES;
				BUNDLE_LOADER = "$(TEST_HOST)";
				CODE_SIGN_STYLE = Automatic;
				DEVELOPMENT_TEAM = 4673NFB24A;
				INFOPLIST_FILE = RobustaTaskTests/Info.plist;
				IPHONEOS_DEPLOYMENT_TARGET = 13.2;
				LD_RUNPATH_SEARCH_PATHS = (
					"$(inherited)",
					"@executable_path/Frameworks",
					"@loader_path/Frameworks",
				);
				PRODUCT_BUNDLE_IDENTIFIER = Wakeb.RobustaTaskTests;
				PRODUCT_NAME = "$(TARGET_NAME)";
				SWIFT_VERSION = 5.0;
				TARGETED_DEVICE_FAMILY = "1,2";
				TEST_HOST = "$(BUILT_PRODUCTS_DIR)/RobustaTask.app/RobustaTask";
			};
			name = Debug;
		};
		06FCA608257F85F300BEAFE0 /* Release */ = {
			isa = XCBuildConfiguration;
			buildSettings = {
				ALWAYS_EMBED_SWIFT_STANDARD_LIBRARIES = YES;
				BUNDLE_LOADER = "$(TEST_HOST)";
				CODE_SIGN_STYLE = Automatic;
				DEVELOPMENT_TEAM = 4673NFB24A;
				INFOPLIST_FILE = RobustaTaskTests/Info.plist;
				IPHONEOS_DEPLOYMENT_TARGET = 13.2;
				LD_RUNPATH_SEARCH_PATHS = (
					"$(inherited)",
					"@executable_path/Frameworks",
					"@loader_path/Frameworks",
				);
				PRODUCT_BUNDLE_IDENTIFIER = Wakeb.RobustaTaskTests;
				PRODUCT_NAME = "$(TARGET_NAME)";
				SWIFT_VERSION = 5.0;
				TARGETED_DEVICE_FAMILY = "1,2";
				TEST_HOST = "$(BUILT_PRODUCTS_DIR)/RobustaTask.app/RobustaTask";
			};
			name = Release;
		};
/* End XCBuildConfiguration section */

/* Begin XCConfigurationList section */
		06FCA5DC257F85EF00BEAFE0 /* Build configuration list for PBXProject "RobustaTask" */ = {
			isa = XCConfigurationList;
			buildConfigurations = (
				06FCA601257F85F300BEAFE0 /* Debug */,
				06FCA602257F85F300BEAFE0 /* Release */,
			);
			defaultConfigurationIsVisible = 0;
			defaultConfigurationName = Release;
		};
		06FCA603257F85F300BEAFE0 /* Build configuration list for PBXNativeTarget "RobustaTask" */ = {
			isa = XCConfigurationList;
			buildConfigurations = (
				06FCA604257F85F300BEAFE0 /* Debug */,
				06FCA605257F85F300BEAFE0 /* Release */,
			);
			defaultConfigurationIsVisible = 0;
			defaultConfigurationName = Release;
		};
		06FCA606257F85F300BEAFE0 /* Build configuration list for PBXNativeTarget "RobustaTaskTests" */ = {
			isa = XCConfigurationList;
			buildConfigurations = (
				06FCA607257F85F300BEAFE0 /* Debug */,
				06FCA608257F85F300BEAFE0 /* Release */,
			);
			defaultConfigurationIsVisible = 0;
			defaultConfigurationName = Release;
		};
/* End XCConfigurationList section */

/* Begin XCVersionGroup section */
		06FCA5ED257F85EF00BEAFE0 /* RobustaTask.xcdatamodeld */ = {
			isa = XCVersionGroup;
			children = (
				06FCA5EE257F85EF00BEAFE0 /* RobustaTask.xcdatamodel */,
			);
			currentVersion = 06FCA5EE257F85EF00BEAFE0 /* RobustaTask.xcdatamodel */;
			path = RobustaTask.xcdatamodeld;
			sourceTree = "<group>";
			versionGroupType = wrapper.xcdatamodel;
		};
/* End XCVersionGroup section */
	};
	rootObject = 06FCA5D9257F85EF00BEAFE0 /* Project object */;
}
